
Microsoft Visual Studio Solution File, Format Version 12.00
# Visual Studio 15
VisualStudioVersion = 15.0.28306.52
MinimumVisualStudioVersion = 10.0.40219.1
Project("{FAE04EC0-301F-11D3-BF4B-00C04F79EFBC}") = "ChartData", "ChartData\ChartData.csproj", "{37FB8FCE-6997-4716-9E7E-39C581C78251}"
EndProject
Project("{FAE04EC0-301F-11D3-BF4B-00C04F79EFBC}") = "WinFormsChart", "WinFormsChart\WinFormsChart.csproj", "{8E1C003A-4075-4062-BCC4-2F8770B4AE7B}"
EndProject
Global
	GlobalSection(SolutionConfigurationPlatforms) = preSolution
		Debug|Any CPU = Debug|Any CPU
		Release|Any CPU = Release|Any CPU
	EndGlobalSection
	GlobalSection(ProjectConfigurationPlatforms) = postSolution
		{37FB8FCE-6997-4716-9E7E-39C581C78251}.Debug|Any CPU.ActiveCfg = Debug|Any CPU
		{37FB8FCE-6997-4716-9E7E-39C581C78251}.Debug|Any CPU.Build.0 = Debug|Any CPU
		{37FB8FCE-6997-4716-9E7E-39C581C78251}.Release|Any CPU.ActiveCfg = Release|Any CPU
		{37FB8FCE-6997-4716-9E7E-39C581C78251}.Release|Any CPU.Build.0 = Release|Any CPU
		{8E1C003A-4075-4062-BCC4-2F8770B4AE7B}.Debug|Any CPU.ActiveCfg = Debug|Any CPU
		{8E1C003A-4075-4062-BCC4-2F8770B4AE7B}.Debug|Any CPU.Build.0 = Debug|Any CPU
		{8E1C003A-4075-4062-BCC4-2F8770B4AE7B}.Release|Any CPU.ActiveCfg = Release|Any CPU
		{8E1C003A-4075-4062-BCC4-2F8770B4AE7B}.Release|Any CPU.Build.0 = Release|Any CPU
	EndGlobalSection
	GlobalSection(SolutionProperties) = preSolution
		HideSolutionNode = FALSE
	EndGlobalSection
	GlobalSection(ExtensibilityGlobals) = postSolution
		SolutionGuid = {25666840-8EDA-4FB3-AF2A-B4BF96ED4237}
	EndGlobalSection
EndGlobal
